
Microsoft Visual Studio Solution File, Format Version 12.00
# Visual Studio Version 17
VisualStudioVersion = 17.1.32228.430
MinimumVisualStudioVersion = 10.0.40219.1
Project("{FAE04EC0-301F-11D3-BF4B-00C04F79EFBC}") = "DvD_Api", "DvD_Api.csproj", "{38C25291-C0C7-48C4-964E-A83D52B2EC9D}"
EndProject
Global
	GlobalSection(SolutionConfigurationPlatforms) = preSolution
		Debug|Any CPU = Debug|Any CPU
		Release|Any CPU = Release|Any CPU
	EndGlobalSection
	GlobalSection(ProjectConfigurationPlatforms) = postSolution
		{38C25291-C0C7-48C4-964E-A83D52B2EC9D}.Debug|Any CPU.ActiveCfg = Debug|Any CPU
		{38C25291-C0C7-48C4-964E-A83D52B2EC9D}.Debug|Any CPU.Build.0 = Debug|Any CPU
		{38C25291-C0C7-48C4-964E-A83D52B2EC9D}.Release|Any CPU.ActiveCfg = Release|Any CPU
		{38C25291-C0C7-48C4-964E-A83D52B2EC9D}.Release|Any CPU.Build.0 = Release|Any CPU
	EndGlobalSection
	GlobalSection(SolutionProperties) = preSolution
		HideSolutionNode = FALSE
	EndGlobalSection
	GlobalSection(ExtensibilityGlobals) = postSolution
		SolutionGuid = {BE3BCF2C-767D-40C7-9CA8-BDE107B75E08}
	EndGlobalSection
EndGlobal
